
Microsoft Visual Studio Solution File, Format Version 12.00
# Visual Studio Version 16
VisualStudioVersion = 16.0.31105.61
MinimumVisualStudioVersion = 10.0.40219.1
Project("{9A19103F-16F7-4668-BE54-9A1E7A4F7556}") = "handsonsforCoreApi", "handsonsforCoreApi.csproj", "{80DA6FB1-F81C-4E48-8576-DAB0300FB388}"
EndProject
Global
	GlobalSection(SolutionConfigurationPlatforms) = preSolution
		Debug|Any CPU = Debug|Any CPU
		Release|Any CPU = Release|Any CPU
	EndGlobalSection
	GlobalSection(ProjectConfigurationPlatforms) = postSolution
		{80DA6FB1-F81C-4E48-8576-DAB0300FB388}.Debug|Any CPU.ActiveCfg = Debug|Any CPU
		{80DA6FB1-F81C-4E48-8576-DAB0300FB388}.Debug|Any CPU.Build.0 = Debug|Any CPU
		{80DA6FB1-F81C-4E48-8576-DAB0300FB388}.Release|Any CPU.ActiveCfg = Release|Any CPU
		{80DA6FB1-F81C-4E48-8576-DAB0300FB388}.Release|Any CPU.Build.0 = Release|Any CPU
	EndGlobalSection
	GlobalSection(SolutionProperties) = preSolution
		HideSolutionNode = FALSE
	EndGlobalSection
	GlobalSection(ExtensibilityGlobals) = postSolution
		SolutionGuid = {E0AE06C5-B853-44D2-945B-43C717C53DE5}
	EndGlobalSection
EndGlobal
