
Microsoft Visual Studio Solution File, Format Version 12.00
# Visual Studio Version 16
VisualStudioVersion = 16.0.31105.61
MinimumVisualStudioVersion = 10.0.40219.1
Project("{FAE04EC0-301F-11D3-BF4B-00C04F79EFBC}") = "AccountsManagerLib", "AccountsManagerLib.csproj", "{69F6B8E8-3E32-4E32-AC3F-D92781775C30}"
EndProject
Project("{FAE04EC0-301F-11D3-BF4B-00C04F79EFBC}") = "UnitTestForAccountsManager", "..\UnitTestForAccountsManager\UnitTestForAccountsManager.csproj", "{0C76F439-05E1-49FE-A97D-895E80B3E2E9}"
EndProject
Global
	GlobalSection(SolutionConfigurationPlatforms) = preSolution
		Debug|Any CPU = Debug|Any CPU
		Release|Any CPU = Release|Any CPU
	EndGlobalSection
	GlobalSection(ProjectConfigurationPlatforms) = postSolution
		{69F6B8E8-3E32-4E32-AC3F-D92781775C30}.Debug|Any CPU.ActiveCfg = Debug|Any CPU
		{69F6B8E8-3E32-4E32-AC3F-D92781775C30}.Debug|Any CPU.Build.0 = Debug|Any CPU
		{69F6B8E8-3E32-4E32-AC3F-D92781775C30}.Release|Any CPU.ActiveCfg = Release|Any CPU
		{69F6B8E8-3E32-4E32-AC3F-D92781775C30}.Release|Any CPU.Build.0 = Release|Any CPU
		{0C76F439-05E1-49FE-A97D-895E80B3E2E9}.Debug|Any CPU.ActiveCfg = Debug|Any CPU
		{0C76F439-05E1-49FE-A97D-895E80B3E2E9}.Debug|Any CPU.Build.0 = Debug|Any CPU
		{0C76F439-05E1-49FE-A97D-895E80B3E2E9}.Release|Any CPU.ActiveCfg = Release|Any CPU
		{0C76F439-05E1-49FE-A97D-895E80B3E2E9}.Release|Any CPU.Build.0 = Release|Any CPU
	EndGlobalSection
	GlobalSection(SolutionProperties) = preSolution
		HideSolutionNode = FALSE
	EndGlobalSection
	GlobalSection(ExtensibilityGlobals) = postSolution
		SolutionGuid = {313F0E0D-112B-4F11-8B0E-4EE3BA30B7B7}
	EndGlobalSection
EndGlobal
