
Microsoft Visual Studio Solution File, Format Version 12.00
# Visual Studio Version 16
VisualStudioVersion = 16.0.31105.61
MinimumVisualStudioVersion = 10.0.40219.1
Project("{FAE04EC0-301F-11D3-BF4B-00C04F79EFBC}") = "ConverterLib", "ConverterLib.csproj", "{8AAD718B-9383-4DAB-ACE8-39C6F3846C24}"
EndProject
Project("{FAE04EC0-301F-11D3-BF4B-00C04F79EFBC}") = "UnitTestForConverter", "UnitTestForConverter\UnitTestForConverter.csproj", "{0761EC20-027B-4B32-B9EF-B99864B88C4B}"
EndProject
Project("{FAE04EC0-301F-11D3-BF4B-00C04F79EFBC}") = "CurrencyConverterApp", "CurrencyConverterApp\CurrencyConverterApp.csproj", "{0C880CF3-6964-449E-816A-D5B4BE61D676}"
EndProject
Global
	GlobalSection(SolutionConfigurationPlatforms) = preSolution
		Debug|Any CPU = Debug|Any CPU
		Release|Any CPU = Release|Any CPU
	EndGlobalSection
	GlobalSection(ProjectConfigurationPlatforms) = postSolution
		{8AAD718B-9383-4DAB-ACE8-39C6F3846C24}.Debug|Any CPU.ActiveCfg = Debug|Any CPU
		{8AAD718B-9383-4DAB-ACE8-39C6F3846C24}.Debug|Any CPU.Build.0 = Debug|Any CPU
		{8AAD718B-9383-4DAB-ACE8-39C6F3846C24}.Release|Any CPU.ActiveCfg = Release|Any CPU
		{8AAD718B-9383-4DAB-ACE8-39C6F3846C24}.Release|Any CPU.Build.0 = Release|Any CPU
		{0761EC20-027B-4B32-B9EF-B99864B88C4B}.Debug|Any CPU.ActiveCfg = Debug|Any CPU
		{0761EC20-027B-4B32-B9EF-B99864B88C4B}.Debug|Any CPU.Build.0 = Debug|Any CPU
		{0761EC20-027B-4B32-B9EF-B99864B88C4B}.Release|Any CPU.ActiveCfg = Release|Any CPU
		{0761EC20-027B-4B32-B9EF-B99864B88C4B}.Release|Any CPU.Build.0 = Release|Any CPU
		{0C880CF3-6964-449E-816A-D5B4BE61D676}.Debug|Any CPU.ActiveCfg = Debug|Any CPU
		{0C880CF3-6964-449E-816A-D5B4BE61D676}.Debug|Any CPU.Build.0 = Debug|Any CPU
		{0C880CF3-6964-449E-816A-D5B4BE61D676}.Release|Any CPU.ActiveCfg = Release|Any CPU
		{0C880CF3-6964-449E-816A-D5B4BE61D676}.Release|Any CPU.Build.0 = Release|Any CPU
	EndGlobalSection
	GlobalSection(SolutionProperties) = preSolution
		HideSolutionNode = FALSE
	EndGlobalSection
	GlobalSection(ExtensibilityGlobals) = postSolution
		SolutionGuid = {C662BBEE-2852-4528-8703-8EF9F29FA6BE}
	EndGlobalSection
EndGlobal
